
Microsoft Visual Studio Solution File, Format Version 12.00
# Visual Studio Version 17
VisualStudioVersion = 17.14.37027.9 d17.14
MinimumVisualStudioVersion = 10.0.40219.1
Project("{FAE04EC0-301F-11D3-BF4B-00C04F79EFBC}") = "ConferenceRoomBooking.Api", "ConferenceRoomBooking.Api\ConferenceRoomBooking.Api.csproj", "{79CD0D89-82B6-4917-85D2-F0B1C9017DCE}"
EndProject
Global
	GlobalSection(SolutionConfigurationPlatforms) = preSolution
		Debug|Any CPU = Debug|Any CPU
		Release|Any CPU = Release|Any CPU
	EndGlobalSection
	GlobalSection(ProjectConfigurationPlatforms) = postSolution
		{79CD0D89-82B6-4917-85D2-F0B1C9017DCE}.Debug|Any CPU.ActiveCfg = Debug|Any CPU
		{79CD0D89-82B6-4917-85D2-F0B1C9017DCE}.Debug|Any CPU.Build.0 = Debug|Any CPU
		{79CD0D89-82B6-4917-85D2-F0B1C9017DCE}.Release|Any CPU.ActiveCfg = Release|Any CPU
		{79CD0D89-82B6-4917-85D2-F0B1C9017DCE}.Release|Any CPU.Build.0 = Release|Any CPU
	EndGlobalSection
	GlobalSection(SolutionProperties) = preSolution
		HideSolutionNode = FALSE
	EndGlobalSection
	GlobalSection(ExtensibilityGlobals) = postSolution
		SolutionGuid = {C7A84460-EE5E-4B36-A02A-3EA0B81A4843}
	EndGlobalSection
EndGlobal
